
Microsoft Visual Studio Solution File, Format Version 12.00
Project("{FAE04EC0-301F-11D3-BF4B-00C04F79EFBC}") = "BlazorHackfest.Web", "BlazorHackfest.Web\BlazorHackfest.Web.csproj", "{7891E35B-4557-4EA3-835F-8EC15AECB89A}"
EndProject
Global
	GlobalSection(SolutionConfigurationPlatforms) = preSolution
		Debug|Any CPU = Debug|Any CPU
		Release|Any CPU = Release|Any CPU
	EndGlobalSection
	GlobalSection(ProjectConfigurationPlatforms) = postSolution
		{7891E35B-4557-4EA3-835F-8EC15AECB89A}.Debug|Any CPU.ActiveCfg = Debug|Any CPU
		{7891E35B-4557-4EA3-835F-8EC15AECB89A}.Debug|Any CPU.Build.0 = Debug|Any CPU
		{7891E35B-4557-4EA3-835F-8EC15AECB89A}.Release|Any CPU.ActiveCfg = Release|Any CPU
		{7891E35B-4557-4EA3-835F-8EC15AECB89A}.Release|Any CPU.Build.0 = Release|Any CPU
	EndGlobalSection
EndGlobal
